
Microsoft Visual Studio Solution File, Format Version 12.00
# Visual Studio 2012
Project("{8BC9CEB8-8B4A-11D0-8D11-00A0C91BC942}") = "Game Of Life", "Game Of Life\Game Of Life.vcxproj", "{F564E50B-1034-4AC8-AAA2-1C39CA417952}"
EndProject
Global
	GlobalSection(SolutionConfigurationPlatforms) = preSolution
		Debug|Win32 = Debug|Win32
		Release|Win32 = Release|Win32
	EndGlobalSection
	GlobalSection(ProjectConfigurationPlatforms) = postSolution
		{F564E50B-1034-4AC8-AAA2-1C39CA417952}.Debug|Win32.ActiveCfg = Debug|Win32
		{F564E50B-1034-4AC8-AAA2-1C39CA417952}.Debug|Win32.Build.0 = Debug|Win32
		{F564E50B-1034-4AC8-AAA2-1C39CA417952}.Release|Win32.ActiveCfg = Release|Win32
		{F564E50B-1034-4AC8-AAA2-1C39CA417952}.Release|Win32.Build.0 = Release|Win32
	EndGlobalSection
	GlobalSection(SolutionProperties) = preSolution
		HideSolutionNode = FALSE
	EndGlobalSection
EndGlobal
